
Microsoft Visual Studio Solution File, Format Version 12.00
# Visual Studio Version 17
VisualStudioVersion = 17.2.32526.322
MinimumVisualStudioVersion = 10.0.40219.1
Project("{FAE04EC0-301F-11D3-BF4B-00C04F79EFBC}") = "GoogleBusinessMessagesEcho", "GoogleBusinessMessagesEcho\GoogleBusinessMessagesEcho.csproj", "{67B1AE08-24CB-405F-A7C4-8F5AC78F4ED2}"
EndProject
Global
	GlobalSection(SolutionConfigurationPlatforms) = preSolution
		Debug|Any CPU = Debug|Any CPU
		Release|Any CPU = Release|Any CPU
	EndGlobalSection
	GlobalSection(ProjectConfigurationPlatforms) = postSolution
		{67B1AE08-24CB-405F-A7C4-8F5AC78F4ED2}.Debug|Any CPU.ActiveCfg = Debug|Any CPU
		{67B1AE08-24CB-405F-A7C4-8F5AC78F4ED2}.Debug|Any CPU.Build.0 = Debug|Any CPU
		{67B1AE08-24CB-405F-A7C4-8F5AC78F4ED2}.Release|Any CPU.ActiveCfg = Release|Any CPU
		{67B1AE08-24CB-405F-A7C4-8F5AC78F4ED2}.Release|Any CPU.Build.0 = Release|Any CPU
	EndGlobalSection
	GlobalSection(SolutionProperties) = preSolution
		HideSolutionNode = FALSE
	EndGlobalSection
	GlobalSection(ExtensibilityGlobals) = postSolution
		SolutionGuid = {92775915-C447-4974-B25C-771BD1A3B878}
	EndGlobalSection
EndGlobal
